// !$*UTF8*$!
{
	archiveVersion = 1;
	classes = {
	};
	objectVersion = 50;
	objects = {

/* Begin PBXBuildFile section */
		2168E6012760EC4500D89251 /* main.cpp in Sources */ = {isa = PBXBuildFile; fileRef = 2168E6002760EC4500D89251 /* main.cpp */; };
		21D1AFE42768BD9600164D72 /* opening_welcome_message.cpp in Sources */ = {isa = PBXBuildFile; fileRef = 21D1AFE22768BD9600164D72 /* opening_welcome_message.cpp */; };
		21D1AFE72768E5A200164D72 /* dice_calculator.cpp in Sources */ = {isa = PBXBuildFile; fileRef = 21D1AFE52768E5A200164D72 /* dice_calculator.cpp */; };
/* End PBXBuildFile section */

/* Begin PBXCopyFilesBuildPhase section */
		2168E5FB2760EC4500D89251 /* CopyFiles */ = {
			isa = PBXCopyFilesBuildPhase;
			buildActionMask = 2147483647;
			dstPath = /usr/share/man/man1/;
			dstSubfolderSpec = 0;
			files = (
			);
			runOnlyForDeploymentPostprocessing = 1;
		};
/* End PBXCopyFilesBuildPhase section */

/* Begin PBXFileReference section */
		2168E5FD2760EC4500D89251 /* dungeon_master_console */ = {isa = PBXFileReference; explicitFileType = "compiled.mach-o.executable"; includeInIndex = 0; path = dungeon_master_console; sourceTree = BUILT_PRODUCTS_DIR; };
		2168E6002760EC4500D89251 /* main.cpp */ = {isa = PBXFileReference; lastKnownFileType = sourcecode.cpp.cpp; path = main.cpp; sourceTree = "<group>"; };
		21D1AFE22768BD9600164D72 /* opening_welcome_message.cpp */ = {isa = PBXFileReference; lastKnownFileType = sourcecode.cpp.cpp; path = opening_welcome_message.cpp; sourceTree = "<group>"; };
		21D1AFE32768BD9600164D72 /* opening_welcome_message.hpp */ = {isa = PBXFileReference; lastKnownFileType = sourcecode.cpp.h; path = opening_welcome_message.hpp; sourceTree = "<group>"; };
		21D1AFE52768E5A200164D72 /* dice_calculator.cpp */ = {isa = PBXFileReference; lastKnownFileType = sourcecode.cpp.cpp; path = dice_calculator.cpp; sourceTree = "<group>"; };
		21D1AFE62768E5A200164D72 /* dice_calculator.hpp */ = {isa = PBXFileReference; lastKnownFileType = sourcecode.cpp.h; path = dice_calculator.hpp; sourceTree = "<group>"; };
/* End PBXFileReference section */

/* Begin PBXFrameworksBuildPhase section */
		2168E5FA2760EC4500D89251 /* Frameworks */ = {
			isa = PBXFrameworksBuildPhase;
			buildActionMask = 2147483647;
			files = (
			);
			runOnlyForDeploymentPostprocessing = 0;
		};
/* End PBXFrameworksBuildPhase section */

/* Begin PBXGroup section */
		2168E5F42760EC4400D89251 = {
			isa = PBXGroup;
			children = (
				2168E5FF2760EC4500D89251 /* main */,
				2168E5FE2760EC4500D89251 /* Products */,
			);
			sourceTree = "<group>";
		};
		2168E5FE2760EC4500D89251 /* Products */ = {
			isa = PBXGroup;
			children = (
				2168E5FD2760EC4500D89251 /* dungeon_master_console */,
			);
			name = Products;
			sourceTree = "<group>";
		};
		2168E5FF2760EC4500D89251 /* main */ = {
			isa = PBXGroup;
			children = (
				21D1AFD5276815AB00164D72 /* data_layer */,
				21D1AFD4276815A300164D72 /* user_interface */,
				21D1AFD32768159900164D72 /* mechanics */,
				2168E6002760EC4500D89251 /* main.cpp */,
			);
			path = main;
			sourceTree = "<group>";
		};
		21D1AFD32768159900164D72 /* mechanics */ = {
			isa = PBXGroup;
			children = (
				21D1AFDC27683DF600164D72 /* dice_calculator */,
				21D1AFDA27683B0400164D72 /* dice_input_parser */,
			);
			path = mechanics;
			sourceTree = "<group>";
		};
		21D1AFD4276815A300164D72 /* user_interface */ = {
			isa = PBXGroup;
			children = (
				21D1AFE02768BD4C00164D72 /* standard_messages */,
				21D1AFDE27683E3F00164D72 /* dice_main_menu */,
			);
			path = user_interface;
			sourceTree = "<group>";
		};
		21D1AFD5276815AB00164D72 /* data_layer */ = {
			isa = PBXGroup;
			children = (
				21D1AFDB27683B2200164D72 /* dice_throws */,
			);
			path = data_layer;
			sourceTree = "<group>";
		};
		21D1AFDA27683B0400164D72 /* dice_input_parser */ = {
			isa = PBXGroup;
			children = (
			);
			path = dice_input_parser;
			sourceTree = "<group>";
		};
		21D1AFDB27683B2200164D72 /* dice_throws */ = {
			isa = PBXGroup;
			children = (
			);
			path = dice_throws;
			sourceTree = "<group>";
		};
		21D1AFDC27683DF600164D72 /* dice_calculator */ = {
			isa = PBXGroup;
			children = (
				21D1AFE52768E5A200164D72 /* dice_calculator.cpp */,
				21D1AFE62768E5A200164D72 /* dice_calculator.hpp */,
			);
			path = dice_calculator;
			sourceTree = "<group>";
		};
		21D1AFDE27683E3F00164D72 /* dice_main_menu */ = {
			isa = PBXGroup;
			children = (
			);
			path = dice_main_menu;
			sourceTree = "<group>";
		};
		21D1AFE02768BD4C00164D72 /* standard_messages */ = {
			isa = PBXGroup;
			children = (
				21D1AFE12768BD5F00164D72 /* opening_messages */,
			);
			path = standard_messages;
			sourceTree = "<group>";
		};
		21D1AFE12768BD5F00164D72 /* opening_messages */ = {
			isa = PBXGroup;
			children = (
				21D1AFE22768BD9600164D72 /* opening_welcome_message.cpp */,
				21D1AFE32768BD9600164D72 /* opening_welcome_message.hpp */,
			);
			path = opening_messages;
			sourceTree = "<group>";
		};
/* End PBXGroup section */

/* Begin PBXNativeTarget section */
		2168E5FC2760EC4500D89251 /* dungeon_master_console */ = {
			isa = PBXNativeTarget;
			buildConfigurationList = 2168E6042760EC4500D89251 /* Build configuration list for PBXNativeTarget "dungeon_master_console" */;
			buildPhases = (
				2168E5F92760EC4500D89251 /* Sources */,
				2168E5FA2760EC4500D89251 /* Frameworks */,
				2168E5FB2760EC4500D89251 /* CopyFiles */,
			);
			buildRules = (
			);
			dependencies = (
			);
			name = dungeon_master_console;
			productName = Galdur;
			productReference = 2168E5FD2760EC4500D89251 /* dungeon_master_console */;
			productType = "com.apple.product-type.tool";
		};
/* End PBXNativeTarget section */

/* Begin PBXProject section */
		2168E5F52760EC4400D89251 /* Project object */ = {
			isa = PBXProject;
			attributes = {
				LastUpgradeCheck = 1250;
				TargetAttributes = {
					2168E5FC2760EC4500D89251 = {
						CreatedOnToolsVersion = 12.5.1;
					};
				};
			};
			buildConfigurationList = 2168E5F82760EC4400D89251 /* Build configuration list for PBXProject "dungeon_master_console" */;
			compatibilityVersion = "Xcode 9.3";
			developmentRegion = en;
			hasScannedForEncodings = 0;
			knownRegions = (
				en,
				Base,
			);
			mainGroup = 2168E5F42760EC4400D89251;
			productRefGroup = 2168E5FE2760EC4500D89251 /* Products */;
			projectDirPath = "";
			projectRoot = "";
			targets = (
				2168E5FC2760EC4500D89251 /* dungeon_master_console */,
			);
		};
/* End PBXProject section */

/* Begin PBXSourcesBuildPhase section */
		2168E5F92760EC4500D89251 /* Sources */ = {
			isa = PBXSourcesBuildPhase;
			buildActionMask = 2147483647;
			files = (
				2168E6012760EC4500D89251 /* main.cpp in Sources */,
				21D1AFE72768E5A200164D72 /* dice_calculator.cpp in Sources */,
				21D1AFE42768BD9600164D72 /* opening_welcome_message.cpp in Sources */,
			);
			runOnlyForDeploymentPostprocessing = 0;
		};
/* End PBXSourcesBuildPhase section */

/* Begin XCBuildConfiguration section */
		2168E6022760EC4500D89251 /* Debug */ = {
			isa = XCBuildConfiguration;
			buildSettings = {
				ALWAYS_SEARCH_USER_PATHS = NO;
				CLANG_ANALYZER_NONNULL = YES;
				CLANG_ANALYZER_NUMBER_OBJECT_CONVERSION = YES_AGGRESSIVE;
				CLANG_CXX_LANGUAGE_STANDARD = "gnu++14";
				CLANG_CXX_LIBRARY = "libc++";
				CLANG_ENABLE_MODULES = YES;
				CLANG_ENABLE_OBJC_ARC = YES;
				CLANG_ENABLE_OBJC_WEAK = YES;
				CLANG_WARN_BLOCK_CAPTURE_AUTORELEASING = YES;
				CLANG_WARN_BOOL_CONVERSION = YES;
				CLANG_WARN_COMMA = YES;
				CLANG_WARN_CONSTANT_CONVERSION = YES;
				CLANG_WARN_DEPRECATED_OBJC_IMPLEMENTATIONS = YES;
				CLANG_WARN_DIRECT_OBJC_ISA_USAGE = YES_ERROR;
				CLANG_WARN_DOCUMENTATION_COMMENTS = YES;
				CLANG_WARN_EMPTY_BODY = YES;
				CLANG_WARN_ENUM_CONVERSION = YES;
				CLANG_WARN_INFINITE_RECURSION = YES;
				CLANG_WARN_INT_CONVERSION = YES;
				CLANG_WARN_NON_LITERAL_NULL_CONVERSION = YES;
				CLANG_WARN_OBJC_IMPLICIT_RETAIN_SELF = YES;
				CLANG_WARN_OBJC_LITERAL_CONVERSION = YES;
				CLANG_WARN_OBJC_ROOT_CLASS = YES_ERROR;
				CLANG_WARN_QUOTED_INCLUDE_IN_FRAMEWORK_HEADER = YES;
				CLANG_WARN_RANGE_LOOP_ANALYSIS = YES;
				CLANG_WARN_STRICT_PROTOTYPES = YES;
				CLANG_WARN_SUSPICIOUS_MOVE = YES;
				CLANG_WARN_UNGUARDED_AVAILABILITY = YES_AGGRESSIVE;
				CLANG_WARN_UNREACHABLE_CODE = YES;
				CLANG_WARN__DUPLICATE_METHOD_MATCH = YES;
				COPY_PHASE_STRIP = NO;
				DEBUG_INFORMATION_FORMAT = dwarf;
				ENABLE_STRICT_OBJC_MSGSEND = YES;
				ENABLE_TESTABILITY = YES;
				GCC_C_LANGUAGE_STANDARD = gnu11;
				GCC_DYNAMIC_NO_PIC = NO;
				GCC_NO_COMMON_BLOCKS = YES;
				GCC_OPTIMIZATION_LEVEL = 0;
				GCC_PREPROCESSOR_DEFINITIONS = (
					"DEBUG=1",
					"$(inherited)",
				);
				GCC_WARN_64_TO_32_BIT_CONVERSION = YES;
				GCC_WARN_ABOUT_RETURN_TYPE = YES_ERROR;
				GCC_WARN_UNDECLARED_SELECTOR = YES;
				GCC_WARN_UNINITIALIZED_AUTOS = YES_AGGRESSIVE;
				GCC_WARN_UNUSED_FUNCTION = YES;
				GCC_WARN_UNUSED_VARIABLE = YES;
				MACOSX_DEPLOYMENT_TARGET = 11.2;
				MTL_ENABLE_DEBUG_INFO = INCLUDE_SOURCE;
				MTL_FAST_MATH = YES;
				ONLY_ACTIVE_ARCH = YES;
				SDKROOT = macosx;
			};
			name = Debug;
		};
		2168E6032760EC4500D89251 /* Release */ = {
			isa = XCBuildConfiguration;
			buildSettings = {
				ALWAYS_SEARCH_USER_PATHS = NO;
				CLANG_ANALYZER_NONNULL = YES;
				CLANG_ANALYZER_NUMBER_OBJECT_CONVERSION = YES_AGGRESSIVE;
				CLANG_CXX_LANGUAGE_STANDARD = "gnu++14";
				CLANG_CXX_LIBRARY = "libc++";
				CLANG_ENABLE_MODULES = YES;
				CLANG_ENABLE_OBJC_ARC = YES;
				CLANG_ENABLE_OBJC_WEAK = YES;
				CLANG_WARN_BLOCK_CAPTURE_AUTORELEASING = YES;
				CLANG_WARN_BOOL_CONVERSION = YES;
				CLANG_WARN_COMMA = YES;
				CLANG_WARN_CONSTANT_CONVERSION = YES;
				CLANG_WARN_DEPRECATED_OBJC_IMPLEMENTATIONS = YES;
				CLANG_WARN_DIRECT_OBJC_ISA_USAGE = YES_ERROR;
				CLANG_WARN_DOCUMENTATION_COMMENTS = YES;
				CLANG_WARN_EMPTY_BODY = YES;
				CLANG_WARN_ENUM_CONVERSION = YES;
				CLANG_WARN_INFINITE_RECURSION = YES;
				CLANG_WARN_INT_CONVERSION = YES;
				CLANG_WARN_NON_LITERAL_NULL_CONVERSION = YES;
				CLANG_WARN_OBJC_IMPLICIT_RETAIN_SELF = YES;
				CLANG_WARN_OBJC_LITERAL_CONVERSION = YES;
				CLANG_WARN_OBJC_ROOT_CLASS = YES_ERROR;
				CLANG_WARN_QUOTED_INCLUDE_IN_FRAMEWORK_HEADER = YES;
				CLANG_WARN_RANGE_LOOP_ANALYSIS = YES;
				CLANG_WARN_STRICT_PROTOTYPES = YES;
				CLANG_WARN_SUSPICIOUS_MOVE = YES;
				CLANG_WARN_UNGUARDED_AVAILABILITY = YES_AGGRESSIVE;
				CLANG_WARN_UNREACHABLE_CODE = YES;
				CLANG_WARN__DUPLICATE_METHOD_MATCH = YES;
				COPY_PHASE_STRIP = NO;
				DEBUG_INFORMATION_FORMAT = "dwarf-with-dsym";
				ENABLE_NS_ASSERTIONS = NO;
				ENABLE_STRICT_OBJC_MSGSEND = YES;
				GCC_C_LANGUAGE_STANDARD = gnu11;
				GCC_NO_COMMON_BLOCKS = YES;
				GCC_WARN_64_TO_32_BIT_CONVERSION = YES;
				GCC_WARN_ABOUT_RETURN_TYPE = YES_ERROR;
				GCC_WARN_UNDECLARED_SELECTOR = YES;
				GCC_WARN_UNINITIALIZED_AUTOS = YES_AGGRESSIVE;
				GCC_WARN_UNUSED_FUNCTION = YES;
				GCC_WARN_UNUSED_VARIABLE = YES;
				MACOSX_DEPLOYMENT_TARGET = 11.2;
				MTL_ENABLE_DEBUG_INFO = NO;
				MTL_FAST_MATH = YES;
				SDKROOT = macosx;
			};
			name = Release;
		};
		2168E6052760EC4500D89251 /* Debug */ = {
			isa = XCBuildConfiguration;
			buildSettings = {
				CODE_SIGN_STYLE = Automatic;
				PRODUCT_NAME = "$(TARGET_NAME)";
			};
			name = Debug;
		};
		2168E6062760EC4500D89251 /* Release */ = {
			isa = XCBuildConfiguration;
			buildSettings = {
				CODE_SIGN_STYLE = Automatic;
				PRODUCT_NAME = "$(TARGET_NAME)";
			};
			name = Release;
		};
/* End XCBuildConfiguration section */

/* Begin XCConfigurationList section */
		2168E5F82760EC4400D89251 /* Build configuration list for PBXProject "dungeon_master_console" */ = {
			isa = XCConfigurationList;
			buildConfigurations = (
				2168E6022760EC4500D89251 /* Debug */,
				2168E6032760EC4500D89251 /* Release */,
			);
			defaultConfigurationIsVisible = 0;
			defaultConfigurationName = Release;
		};
		2168E6042760EC4500D89251 /* Build configuration list for PBXNativeTarget "dungeon_master_console" */ = {
			isa = XCConfigurationList;
			buildConfigurations = (
				2168E6052760EC4500D89251 /* Debug */,
				2168E6062760EC4500D89251 /* Release */,
			);
			defaultConfigurationIsVisible = 0;
			defaultConfigurationName = Release;
		};
/* End XCConfigurationList section */
	};
	rootObject = 2168E5F52760EC4400D89251 /* Project object */;
}
